
Microsoft Visual Studio Solution File, Format Version 12.00
# Visual Studio Version 17
VisualStudioVersion = 17.8.34330.188
MinimumVisualStudioVersion = 10.0.40219.1
Project("{FAE04EC0-301F-11D3-BF4B-00C04F79EFBC}") = "project", "project\project.csproj", "{449B08C7-ADCD-4AB2-92BC-509814F37FE9}"
EndProject
Global
	GlobalSection(SolutionConfigurationPlatforms) = preSolution
		Debug|Any CPU = Debug|Any CPU
		Release|Any CPU = Release|Any CPU
	EndGlobalSection
	GlobalSection(ProjectConfigurationPlatforms) = postSolution
		{449B08C7-ADCD-4AB2-92BC-509814F37FE9}.Debug|Any CPU.ActiveCfg = Debug|Any CPU
		{449B08C7-ADCD-4AB2-92BC-509814F37FE9}.Debug|Any CPU.Build.0 = Debug|Any CPU
		{449B08C7-ADCD-4AB2-92BC-509814F37FE9}.Release|Any CPU.ActiveCfg = Release|Any CPU
		{449B08C7-ADCD-4AB2-92BC-509814F37FE9}.Release|Any CPU.Build.0 = Release|Any CPU
	EndGlobalSection
	GlobalSection(SolutionProperties) = preSolution
		HideSolutionNode = FALSE
	EndGlobalSection
	GlobalSection(ExtensibilityGlobals) = postSolution
		SolutionGuid = {3FBFEDAA-566A-4D5E-BF3E-73D709886F66}
	EndGlobalSection
EndGlobal
